
Microsoft Visual Studio Solution File, Format Version 12.00
# Visual Studio Version 17
VisualStudioVersion = 17.5.002.0
MinimumVisualStudioVersion = 10.0.40219.1
Project("{9A19103F-16F7-4668-BE54-9A1E7A4F7556}") = "tsak", "tsak\tsak.csproj", "{3C2FA790-A7B8-4DD1-B3A8-FBCF48CA1E5F}"
EndProject
Global
	GlobalSection(SolutionConfigurationPlatforms) = preSolution
		Debug|Any CPU = Debug|Any CPU
		Release|Any CPU = Release|Any CPU
	EndGlobalSection
	GlobalSection(ProjectConfigurationPlatforms) = postSolution
		{3C2FA790-A7B8-4DD1-B3A8-FBCF48CA1E5F}.Debug|Any CPU.ActiveCfg = Debug|Any CPU
		{3C2FA790-A7B8-4DD1-B3A8-FBCF48CA1E5F}.Debug|Any CPU.Build.0 = Debug|Any CPU
		{3C2FA790-A7B8-4DD1-B3A8-FBCF48CA1E5F}.Release|Any CPU.ActiveCfg = Release|Any CPU
		{3C2FA790-A7B8-4DD1-B3A8-FBCF48CA1E5F}.Release|Any CPU.Build.0 = Release|Any CPU
	EndGlobalSection
	GlobalSection(SolutionProperties) = preSolution
		HideSolutionNode = FALSE
	EndGlobalSection
	GlobalSection(ExtensibilityGlobals) = postSolution
		SolutionGuid = {54030BF8-9139-4D90-A825-AE0BB268077B}
	EndGlobalSection
EndGlobal
